
Microsoft Visual Studio Solution File, Format Version 12.00
# Visual Studio Version 16
VisualStudioVersion = 16.0.31624.102
MinimumVisualStudioVersion = 10.0.40219.1
Project("{8BC9CEB8-8B4A-11D0-8D11-00A0C91BC942}") = "ms51", "ms51.vcxproj", "{8B104A84-DD3B-400F-A888-0D905C6B587F}"
EndProject
Global
	GlobalSection(SolutionConfigurationPlatforms) = preSolution
		Debug|x64 = Debug|x64
		Debug|x86 = Debug|x86
		Release|x64 = Release|x64
		Release|x86 = Release|x86
	EndGlobalSection
	GlobalSection(ProjectConfigurationPlatforms) = postSolution
		{8B104A84-DD3B-400F-A888-0D905C6B587F}.Debug|x64.ActiveCfg = Debug|x64
		{8B104A84-DD3B-400F-A888-0D905C6B587F}.Debug|x64.Build.0 = Debug|x64
		{8B104A84-DD3B-400F-A888-0D905C6B587F}.Debug|x86.ActiveCfg = Debug|Win32
		{8B104A84-DD3B-400F-A888-0D905C6B587F}.Debug|x86.Build.0 = Debug|Win32
		{8B104A84-DD3B-400F-A888-0D905C6B587F}.Release|x64.ActiveCfg = Release|x64
		{8B104A84-DD3B-400F-A888-0D905C6B587F}.Release|x64.Build.0 = Release|x64
		{8B104A84-DD3B-400F-A888-0D905C6B587F}.Release|x86.ActiveCfg = Release|Win32
		{8B104A84-DD3B-400F-A888-0D905C6B587F}.Release|x86.Build.0 = Release|Win32
	EndGlobalSection
	GlobalSection(SolutionProperties) = preSolution
		HideSolutionNode = FALSE
	EndGlobalSection
	GlobalSection(ExtensibilityGlobals) = postSolution
		SolutionGuid = {AE205B24-9742-4BC6-A6FE-0AC1C2428D3B}
	EndGlobalSection
EndGlobal
